
Microsoft Visual Studio Solution File, Format Version 12.00
# Visual Studio Version 16
VisualStudioVersion = 16.0.30011.22
MinimumVisualStudioVersion = 10.0.40219.1
Project("{FAE04EC0-301F-11D3-BF4B-00C04F79EFBC}") = "MockAssessment1", "MockAssessment1\MockAssessment1.csproj", "{87D70E9A-EEED-4C27-BCFC-03A37A052152}"
EndProject
Global
	GlobalSection(SolutionConfigurationPlatforms) = preSolution
		Debug|Any CPU = Debug|Any CPU
		Release|Any CPU = Release|Any CPU
	EndGlobalSection
	GlobalSection(ProjectConfigurationPlatforms) = postSolution
		{87D70E9A-EEED-4C27-BCFC-03A37A052152}.Debug|Any CPU.ActiveCfg = Debug|Any CPU
		{87D70E9A-EEED-4C27-BCFC-03A37A052152}.Debug|Any CPU.Build.0 = Debug|Any CPU
		{87D70E9A-EEED-4C27-BCFC-03A37A052152}.Release|Any CPU.ActiveCfg = Release|Any CPU
		{87D70E9A-EEED-4C27-BCFC-03A37A052152}.Release|Any CPU.Build.0 = Release|Any CPU
	EndGlobalSection
	GlobalSection(SolutionProperties) = preSolution
		HideSolutionNode = FALSE
	EndGlobalSection
	GlobalSection(ExtensibilityGlobals) = postSolution
		SolutionGuid = {E8CEEA7F-82DF-403B-B7ED-DE71826ED26A}
	EndGlobalSection
EndGlobal
